
Microsoft Visual Studio Solution File, Format Version 12.00
# Visual Studio Version 17
VisualStudioVersion = 17.6.33723.286
MinimumVisualStudioVersion = 10.0.40219.1
Project("{FAE04EC0-301F-11D3-BF4B-00C04F79EFBC}") = "HomeWork_Board", "HomeWork_Board\HomeWork_Board.csproj", "{554047E0-3B88-49B7-A281-C0E42474D84D}"
EndProject
Global
	GlobalSection(SolutionConfigurationPlatforms) = preSolution
		Debug|Any CPU = Debug|Any CPU
		Release|Any CPU = Release|Any CPU
	EndGlobalSection
	GlobalSection(ProjectConfigurationPlatforms) = postSolution
		{554047E0-3B88-49B7-A281-C0E42474D84D}.Debug|Any CPU.ActiveCfg = Debug|Any CPU
		{554047E0-3B88-49B7-A281-C0E42474D84D}.Debug|Any CPU.Build.0 = Debug|Any CPU
		{554047E0-3B88-49B7-A281-C0E42474D84D}.Release|Any CPU.ActiveCfg = Release|Any CPU
		{554047E0-3B88-49B7-A281-C0E42474D84D}.Release|Any CPU.Build.0 = Release|Any CPU
	EndGlobalSection
	GlobalSection(SolutionProperties) = preSolution
		HideSolutionNode = FALSE
	EndGlobalSection
	GlobalSection(ExtensibilityGlobals) = postSolution
		SolutionGuid = {A1F2F03A-904B-47EE-B0AD-0E24DDF2C003}
	EndGlobalSection
EndGlobal
